
Microsoft Visual Studio Solution File, Format Version 12.00
# Visual Studio Version 17
VisualStudioVersion = 17.0.31903.59
MinimumVisualStudioVersion = 10.0.40219.1
Project("{FAE04EC0-301F-11D3-BF4B-00C04F79EFBC}") = "Tracker", "Tracker\Tracker.csproj", "{77DB8C74-B17E-4797-84D6-35CC73A6791A}"
EndProject
Project("{FAE04EC0-301F-11D3-BF4B-00C04F79EFBC}") = "TorrentIO", "TorrentIO\TorrentIO.csproj", "{77279498-5F0E-4473-8D5D-98C79389C355}"
EndProject
Project("{2150E333-8FDC-42A3-9474-1A3956D46DE8}") = "Plugins", "Plugins", "{E3722F2D-B656-4A14-BD7E-4DA3C89151D4}"
EndProject
Project("{FAE04EC0-301F-11D3-BF4B-00C04F79EFBC}") = "FileSystemStorage", "Plugins\FileSystemStorage\FileSystemStorage.csproj", "{F8001F5C-2BEF-44C5-A578-DE3E7D7B7A0B}"
EndProject
Project("{2150E333-8FDC-42A3-9474-1A3956D46DE8}") = "UI", "UI", "{429582B2-60E5-46F6-A891-E4C1A3DD1A91}"
EndProject
Project("{FAE04EC0-301F-11D3-BF4B-00C04F79EFBC}") = "TorrentFileDecoder", "TorrentFileDecoder\TorrentFileDecoder.csproj", "{232A896E-DDE2-4AB6-BBFC-28BC2A478996}"
EndProject
Project("{FAE04EC0-301F-11D3-BF4B-00C04F79EFBC}") = "SamplePeer", "Plugins\SamplePeer\SamplePeer.csproj", "{C6704B62-B10F-4E65-AF72-74332A034D0C}"
EndProject
Project("{FAE04EC0-301F-11D3-BF4B-00C04F79EFBC}") = "TelnetSupport", "Plugins\TelnetSupport\TelnetSupport.csproj", "{15354483-7599-4CF4-8CBB-A95290FB47C9}"
EndProject
Project("{2150E333-8FDC-42A3-9474-1A3956D46DE8}") = "Libs", "Libs", "{498F96CF-940A-444C-9C25-D278B9598C4F}"
EndProject
Project("{FAE04EC0-301F-11D3-BF4B-00C04F79EFBC}") = "UmiCtrlProtocol", "Plugins\UmiCtrlProtocol\UmiCtrlProtocol.csproj", "{2CB73ECA-EF6F-4F84-826D-E72A31F82065}"
EndProject
Project("{FAE04EC0-301F-11D3-BF4B-00C04F79EFBC}") = "ProjectTest", "ProjectTest\ProjectTest.csproj", "{B0A818C0-FED2-47B3-BC2E-5419663402B2}"
EndProject
Global
	GlobalSection(SolutionConfigurationPlatforms) = preSolution
		Debug|Any CPU = Debug|Any CPU
		Release|Any CPU = Release|Any CPU
	EndGlobalSection
	GlobalSection(SolutionProperties) = preSolution
		HideSolutionNode = FALSE
	EndGlobalSection
	GlobalSection(ProjectConfigurationPlatforms) = postSolution
		{77DB8C74-B17E-4797-84D6-35CC73A6791A}.Debug|Any CPU.ActiveCfg = Debug|Any CPU
		{77DB8C74-B17E-4797-84D6-35CC73A6791A}.Debug|Any CPU.Build.0 = Debug|Any CPU
		{77DB8C74-B17E-4797-84D6-35CC73A6791A}.Release|Any CPU.ActiveCfg = Release|Any CPU
		{77DB8C74-B17E-4797-84D6-35CC73A6791A}.Release|Any CPU.Build.0 = Release|Any CPU
		{77279498-5F0E-4473-8D5D-98C79389C355}.Debug|Any CPU.ActiveCfg = Debug|Any CPU
		{77279498-5F0E-4473-8D5D-98C79389C355}.Debug|Any CPU.Build.0 = Debug|Any CPU
		{77279498-5F0E-4473-8D5D-98C79389C355}.Release|Any CPU.ActiveCfg = Release|Any CPU
		{77279498-5F0E-4473-8D5D-98C79389C355}.Release|Any CPU.Build.0 = Release|Any CPU
		{F8001F5C-2BEF-44C5-A578-DE3E7D7B7A0B}.Debug|Any CPU.ActiveCfg = Debug|Any CPU
		{F8001F5C-2BEF-44C5-A578-DE3E7D7B7A0B}.Debug|Any CPU.Build.0 = Debug|Any CPU
		{F8001F5C-2BEF-44C5-A578-DE3E7D7B7A0B}.Release|Any CPU.ActiveCfg = Release|Any CPU
		{F8001F5C-2BEF-44C5-A578-DE3E7D7B7A0B}.Release|Any CPU.Build.0 = Release|Any CPU
		{232A896E-DDE2-4AB6-BBFC-28BC2A478996}.Debug|Any CPU.ActiveCfg = Debug|Any CPU
		{232A896E-DDE2-4AB6-BBFC-28BC2A478996}.Debug|Any CPU.Build.0 = Debug|Any CPU
		{232A896E-DDE2-4AB6-BBFC-28BC2A478996}.Release|Any CPU.ActiveCfg = Release|Any CPU
		{232A896E-DDE2-4AB6-BBFC-28BC2A478996}.Release|Any CPU.Build.0 = Release|Any CPU
		{C6704B62-B10F-4E65-AF72-74332A034D0C}.Debug|Any CPU.ActiveCfg = Debug|Any CPU
		{C6704B62-B10F-4E65-AF72-74332A034D0C}.Debug|Any CPU.Build.0 = Debug|Any CPU
		{C6704B62-B10F-4E65-AF72-74332A034D0C}.Release|Any CPU.ActiveCfg = Release|Any CPU
		{C6704B62-B10F-4E65-AF72-74332A034D0C}.Release|Any CPU.Build.0 = Release|Any CPU
		{15354483-7599-4CF4-8CBB-A95290FB47C9}.Debug|Any CPU.ActiveCfg = Debug|Any CPU
		{15354483-7599-4CF4-8CBB-A95290FB47C9}.Debug|Any CPU.Build.0 = Debug|Any CPU
		{15354483-7599-4CF4-8CBB-A95290FB47C9}.Release|Any CPU.ActiveCfg = Release|Any CPU
		{15354483-7599-4CF4-8CBB-A95290FB47C9}.Release|Any CPU.Build.0 = Release|Any CPU
		{2CB73ECA-EF6F-4F84-826D-E72A31F82065}.Debug|Any CPU.ActiveCfg = Debug|Any CPU
		{2CB73ECA-EF6F-4F84-826D-E72A31F82065}.Debug|Any CPU.Build.0 = Debug|Any CPU
		{2CB73ECA-EF6F-4F84-826D-E72A31F82065}.Release|Any CPU.ActiveCfg = Release|Any CPU
		{2CB73ECA-EF6F-4F84-826D-E72A31F82065}.Release|Any CPU.Build.0 = Release|Any CPU
		{B0A818C0-FED2-47B3-BC2E-5419663402B2}.Debug|Any CPU.ActiveCfg = Debug|Any CPU
		{B0A818C0-FED2-47B3-BC2E-5419663402B2}.Debug|Any CPU.Build.0 = Debug|Any CPU
		{B0A818C0-FED2-47B3-BC2E-5419663402B2}.Release|Any CPU.ActiveCfg = Release|Any CPU
		{B0A818C0-FED2-47B3-BC2E-5419663402B2}.Release|Any CPU.Build.0 = Release|Any CPU
	EndGlobalSection
	GlobalSection(NestedProjects) = preSolution
		{F8001F5C-2BEF-44C5-A578-DE3E7D7B7A0B} = {E3722F2D-B656-4A14-BD7E-4DA3C89151D4}
		{232A896E-DDE2-4AB6-BBFC-28BC2A478996} = {429582B2-60E5-46F6-A891-E4C1A3DD1A91}
		{C6704B62-B10F-4E65-AF72-74332A034D0C} = {E3722F2D-B656-4A14-BD7E-4DA3C89151D4}
		{15354483-7599-4CF4-8CBB-A95290FB47C9} = {E3722F2D-B656-4A14-BD7E-4DA3C89151D4}
		{498F96CF-940A-444C-9C25-D278B9598C4F} = {E3722F2D-B656-4A14-BD7E-4DA3C89151D4}
		{2CB73ECA-EF6F-4F84-826D-E72A31F82065} = {498F96CF-940A-444C-9C25-D278B9598C4F}
	EndGlobalSection
EndGlobal
