
Microsoft Visual Studio Solution File, Format Version 12.00
# Visual Studio Version 17
VisualStudioVersion = 17.0.31903.59
MinimumVisualStudioVersion = 10.0.40219.1
Project("{FAE04EC0-301F-11D3-BF4B-00C04F79EFBC}") = "Tracker", "Tracker\Tracker.csproj", "{77DB8C74-B17E-4797-84D6-35CC73A6791A}"
EndProject
Project("{FAE04EC0-301F-11D3-BF4B-00C04F79EFBC}") = "TorrentIO", "TorrentIO\TorrentIO.csproj", "{77279498-5F0E-4473-8D5D-98C79389C355}"
EndProject
Global
	GlobalSection(SolutionConfigurationPlatforms) = preSolution
		Debug|Any CPU = Debug|Any CPU
		Release|Any CPU = Release|Any CPU
	EndGlobalSection
	GlobalSection(SolutionProperties) = preSolution
		HideSolutionNode = FALSE
	EndGlobalSection
	GlobalSection(ProjectConfigurationPlatforms) = postSolution
		{77DB8C74-B17E-4797-84D6-35CC73A6791A}.Debug|Any CPU.ActiveCfg = Debug|Any CPU
		{77DB8C74-B17E-4797-84D6-35CC73A6791A}.Debug|Any CPU.Build.0 = Debug|Any CPU
		{77DB8C74-B17E-4797-84D6-35CC73A6791A}.Release|Any CPU.ActiveCfg = Release|Any CPU
		{77DB8C74-B17E-4797-84D6-35CC73A6791A}.Release|Any CPU.Build.0 = Release|Any CPU
		{77279498-5F0E-4473-8D5D-98C79389C355}.Debug|Any CPU.ActiveCfg = Debug|Any CPU
		{77279498-5F0E-4473-8D5D-98C79389C355}.Debug|Any CPU.Build.0 = Debug|Any CPU
		{77279498-5F0E-4473-8D5D-98C79389C355}.Release|Any CPU.ActiveCfg = Release|Any CPU
		{77279498-5F0E-4473-8D5D-98C79389C355}.Release|Any CPU.Build.0 = Release|Any CPU
	EndGlobalSection
EndGlobal
